
Microsoft Visual Studio Solution File, Format Version 12.00
# Visual Studio 15
VisualStudioVersion = 15.0.26403.7
MinimumVisualStudioVersion = 10.0.40219.1
Project("{FAE04EC0-301F-11D3-BF4B-00C04F79EFBC}") = "SuaveControls.FloatingActionButton", "SuaveControls.FloatingActionButton\SuaveControls.FloatingActionButton\SuaveControls.FloatingActionButton.csproj", "{6C396F76-2DE2-4676-AD15-98E7E78F9F66}"
EndProject
Project("{2150E333-8FDC-42A3-9474-1A3956D46DE8}") = "Example", "Example", "{6D185DB1-D90A-4C0F-902B-3CF77095DB1C}"
EndProject
Project("{FAE04EC0-301F-11D3-BF4B-00C04F79EFBC}") = "SuaveControls.FabExample.Android", "..\Example\SuaveControls.FabExample\SuaveControls.FabExample.Android\SuaveControls.FabExample.Android.csproj", "{BF94C693-0ED8-4B1A-8073-E23380E5C678}"
EndProject
Project("{FAE04EC0-301F-11D3-BF4B-00C04F79EFBC}") = "SuaveControls.FabExample", "..\Example\SuaveControls.FabExample\SuaveControls.FabExample\SuaveControls.FabExample.csproj", "{FF448E92-8D9F-4AE7-BCA9-8ADE8588CCD7}"
EndProject
Project("{FAE04EC0-301F-11D3-BF4B-00C04F79EFBC}") = "SuaveControls.FabExample.iOS", "..\Example\SuaveControls.FabExample\SuaveControls.FabExample.iOS\SuaveControls.FabExample.iOS.csproj", "{4EB1D44E-D802-49E9-928A-22D269FF7067}"
EndProject
Project("{2150E333-8FDC-42A3-9474-1A3956D46DE8}") = "Source", "Source", "{C31974FE-E126-4291-BACF-CD5A6B7E459F}"
EndProject
Project("{FAE04EC0-301F-11D3-BF4B-00C04F79EFBC}") = "SuaveControls.FloatingActionButton.Droid", "SuaveControls.FloatingActionButton.Droid\SuaveControls.FloatingActionButton.Droid.csproj", "{75A82433-500F-4A3E-B344-AD39D1CC556C}"
EndProject
Project("{FAE04EC0-301F-11D3-BF4B-00C04F79EFBC}") = "SuaveControls.FloatingActionButton.iOS", "SuaveControls.FloatingActionButton.iOS\SuaveControls.FloatingActionButton.iOS.csproj", "{DE0A4100-2B5B-46DE-8277-5E78C1BBC8F7}"
EndProject
Global
	GlobalSection(SolutionConfigurationPlatforms) = preSolution
		Ad-Hoc|Any CPU = Ad-Hoc|Any CPU
		Ad-Hoc|ARM = Ad-Hoc|ARM
		Ad-Hoc|iPhone = Ad-Hoc|iPhone
		Ad-Hoc|iPhoneSimulator = Ad-Hoc|iPhoneSimulator
		Ad-Hoc|x64 = Ad-Hoc|x64
		Ad-Hoc|x86 = Ad-Hoc|x86
		AppStore|Any CPU = AppStore|Any CPU
		AppStore|ARM = AppStore|ARM
		AppStore|iPhone = AppStore|iPhone
		AppStore|iPhoneSimulator = AppStore|iPhoneSimulator
		AppStore|x64 = AppStore|x64
		AppStore|x86 = AppStore|x86
		Debug|Any CPU = Debug|Any CPU
		Debug|ARM = Debug|ARM
		Debug|iPhone = Debug|iPhone
		Debug|iPhoneSimulator = Debug|iPhoneSimulator
		Debug|x64 = Debug|x64
		Debug|x86 = Debug|x86
		Release|Any CPU = Release|Any CPU
		Release|ARM = Release|ARM
		Release|iPhone = Release|iPhone
		Release|iPhoneSimulator = Release|iPhoneSimulator
		Release|x64 = Release|x64
		Release|x86 = Release|x86
	EndGlobalSection
	GlobalSection(ProjectConfigurationPlatforms) = postSolution
		{6C396F76-2DE2-4676-AD15-98E7E78F9F66}.Ad-Hoc|Any CPU.ActiveCfg = Release|Any CPU
		{6C396F76-2DE2-4676-AD15-98E7E78F9F66}.Ad-Hoc|Any CPU.Build.0 = Release|Any CPU
		{6C396F76-2DE2-4676-AD15-98E7E78F9F66}.Ad-Hoc|ARM.ActiveCfg = Release|Any CPU
		{6C396F76-2DE2-4676-AD15-98E7E78F9F66}.Ad-Hoc|ARM.Build.0 = Release|Any CPU
		{6C396F76-2DE2-4676-AD15-98E7E78F9F66}.Ad-Hoc|iPhone.ActiveCfg = Release|Any CPU
		{6C396F76-2DE2-4676-AD15-98E7E78F9F66}.Ad-Hoc|iPhone.Build.0 = Release|Any CPU
		{6C396F76-2DE2-4676-AD15-98E7E78F9F66}.Ad-Hoc|iPhoneSimulator.ActiveCfg = Release|Any CPU
		{6C396F76-2DE2-4676-AD15-98E7E78F9F66}.Ad-Hoc|iPhoneSimulator.Build.0 = Release|Any CPU
		{6C396F76-2DE2-4676-AD15-98E7E78F9F66}.Ad-Hoc|x64.ActiveCfg = Release|Any CPU
		{6C396F76-2DE2-4676-AD15-98E7E78F9F66}.Ad-Hoc|x64.Build.0 = Release|Any CPU
		{6C396F76-2DE2-4676-AD15-98E7E78F9F66}.Ad-Hoc|x86.ActiveCfg = Release|Any CPU
		{6C396F76-2DE2-4676-AD15-98E7E78F9F66}.Ad-Hoc|x86.Build.0 = Release|Any CPU
		{6C396F76-2DE2-4676-AD15-98E7E78F9F66}.AppStore|Any CPU.ActiveCfg = Release|Any CPU
		{6C396F76-2DE2-4676-AD15-98E7E78F9F66}.AppStore|Any CPU.Build.0 = Release|Any CPU
		{6C396F76-2DE2-4676-AD15-98E7E78F9F66}.AppStore|ARM.ActiveCfg = Release|Any CPU
		{6C396F76-2DE2-4676-AD15-98E7E78F9F66}.AppStore|ARM.Build.0 = Release|Any CPU
		{6C396F76-2DE2-4676-AD15-98E7E78F9F66}.AppStore|iPhone.ActiveCfg = Release|Any CPU
		{6C396F76-2DE2-4676-AD15-98E7E78F9F66}.AppStore|iPhone.Build.0 = Release|Any CPU
		{6C396F76-2DE2-4676-AD15-98E7E78F9F66}.AppStore|iPhoneSimulator.ActiveCfg = Release|Any CPU
		{6C396F76-2DE2-4676-AD15-98E7E78F9F66}.AppStore|iPhoneSimulator.Build.0 = Release|Any CPU
		{6C396F76-2DE2-4676-AD15-98E7E78F9F66}.AppStore|x64.ActiveCfg = Release|Any CPU
		{6C396F76-2DE2-4676-AD15-98E7E78F9F66}.AppStore|x64.Build.0 = Release|Any CPU
		{6C396F76-2DE2-4676-AD15-98E7E78F9F66}.AppStore|x86.ActiveCfg = Release|Any CPU
		{6C396F76-2DE2-4676-AD15-98E7E78F9F66}.AppStore|x86.Build.0 = Release|Any CPU
		{6C396F76-2DE2-4676-AD15-98E7E78F9F66}.Debug|Any CPU.ActiveCfg = Debug|Any CPU
		{6C396F76-2DE2-4676-AD15-98E7E78F9F66}.Debug|Any CPU.Build.0 = Debug|Any CPU
		{6C396F76-2DE2-4676-AD15-98E7E78F9F66}.Debug|ARM.ActiveCfg = Debug|Any CPU
		{6C396F76-2DE2-4676-AD15-98E7E78F9F66}.Debug|ARM.Build.0 = Debug|Any CPU
		{6C396F76-2DE2-4676-AD15-98E7E78F9F66}.Debug|iPhone.ActiveCfg = Debug|Any CPU
		{6C396F76-2DE2-4676-AD15-98E7E78F9F66}.Debug|iPhone.Build.0 = Debug|Any CPU
		{6C396F76-2DE2-4676-AD15-98E7E78F9F66}.Debug|iPhoneSimulator.ActiveCfg = Debug|Any CPU
		{6C396F76-2DE2-4676-AD15-98E7E78F9F66}.Debug|iPhoneSimulator.Build.0 = Debug|Any CPU
		{6C396F76-2DE2-4676-AD15-98E7E78F9F66}.Debug|x64.ActiveCfg = Debug|Any CPU
		{6C396F76-2DE2-4676-AD15-98E7E78F9F66}.Debug|x64.Build.0 = Debug|Any CPU
		{6C396F76-2DE2-4676-AD15-98E7E78F9F66}.Debug|x86.ActiveCfg = Debug|Any CPU
		{6C396F76-2DE2-4676-AD15-98E7E78F9F66}.Debug|x86.Build.0 = Debug|Any CPU
		{6C396F76-2DE2-4676-AD15-98E7E78F9F66}.Release|Any CPU.ActiveCfg = Release|Any CPU
		{6C396F76-2DE2-4676-AD15-98E7E78F9F66}.Release|Any CPU.Build.0 = Release|Any CPU
		{6C396F76-2DE2-4676-AD15-98E7E78F9F66}.Release|ARM.ActiveCfg = Release|Any CPU
		{6C396F76-2DE2-4676-AD15-98E7E78F9F66}.Release|ARM.Build.0 = Release|Any CPU
		{6C396F76-2DE2-4676-AD15-98E7E78F9F66}.Release|iPhone.ActiveCfg = Release|Any CPU
		{6C396F76-2DE2-4676-AD15-98E7E78F9F66}.Release|iPhone.Build.0 = Release|Any CPU
		{6C396F76-2DE2-4676-AD15-98E7E78F9F66}.Release|iPhoneSimulator.ActiveCfg = Release|Any CPU
		{6C396F76-2DE2-4676-AD15-98E7E78F9F66}.Release|iPhoneSimulator.Build.0 = Release|Any CPU
		{6C396F76-2DE2-4676-AD15-98E7E78F9F66}.Release|x64.ActiveCfg = Release|Any CPU
		{6C396F76-2DE2-4676-AD15-98E7E78F9F66}.Release|x64.Build.0 = Release|Any CPU
		{6C396F76-2DE2-4676-AD15-98E7E78F9F66}.Release|x86.ActiveCfg = Release|Any CPU
		{6C396F76-2DE2-4676-AD15-98E7E78F9F66}.Release|x86.Build.0 = Release|Any CPU
		{BF94C693-0ED8-4B1A-8073-E23380E5C678}.Ad-Hoc|Any CPU.ActiveCfg = Release|Any CPU
		{BF94C693-0ED8-4B1A-8073-E23380E5C678}.Ad-Hoc|Any CPU.Build.0 = Release|Any CPU
		{BF94C693-0ED8-4B1A-8073-E23380E5C678}.Ad-Hoc|Any CPU.Deploy.0 = Release|Any CPU
		{BF94C693-0ED8-4B1A-8073-E23380E5C678}.Ad-Hoc|ARM.ActiveCfg = Release|Any CPU
		{BF94C693-0ED8-4B1A-8073-E23380E5C678}.Ad-Hoc|ARM.Build.0 = Release|Any CPU
		{BF94C693-0ED8-4B1A-8073-E23380E5C678}.Ad-Hoc|ARM.Deploy.0 = Release|Any CPU
		{BF94C693-0ED8-4B1A-8073-E23380E5C678}.Ad-Hoc|iPhone.ActiveCfg = Release|Any CPU
		{BF94C693-0ED8-4B1A-8073-E23380E5C678}.Ad-Hoc|iPhone.Build.0 = Release|Any CPU
		{BF94C693-0ED8-4B1A-8073-E23380E5C678}.Ad-Hoc|iPhone.Deploy.0 = Release|Any CPU
		{BF94C693-0ED8-4B1A-8073-E23380E5C678}.Ad-Hoc|iPhoneSimulator.ActiveCfg = Release|Any CPU
		{BF94C693-0ED8-4B1A-8073-E23380E5C678}.Ad-Hoc|iPhoneSimulator.Build.0 = Release|Any CPU
		{BF94C693-0ED8-4B1A-8073-E23380E5C678}.Ad-Hoc|iPhoneSimulator.Deploy.0 = Release|Any CPU
		{BF94C693-0ED8-4B1A-8073-E23380E5C678}.Ad-Hoc|x64.ActiveCfg = Release|Any CPU
		{BF94C693-0ED8-4B1A-8073-E23380E5C678}.Ad-Hoc|x64.Build.0 = Release|Any CPU
		{BF94C693-0ED8-4B1A-8073-E23380E5C678}.Ad-Hoc|x64.Deploy.0 = Release|Any CPU
		{BF94C693-0ED8-4B1A-8073-E23380E5C678}.Ad-Hoc|x86.ActiveCfg = Release|Any CPU
		{BF94C693-0ED8-4B1A-8073-E23380E5C678}.Ad-Hoc|x86.Build.0 = Release|Any CPU
		{BF94C693-0ED8-4B1A-8073-E23380E5C678}.Ad-Hoc|x86.Deploy.0 = Release|Any CPU
		{BF94C693-0ED8-4B1A-8073-E23380E5C678}.AppStore|Any CPU.ActiveCfg = Release|Any CPU
		{BF94C693-0ED8-4B1A-8073-E23380E5C678}.AppStore|Any CPU.Build.0 = Release|Any CPU
		{BF94C693-0ED8-4B1A-8073-E23380E5C678}.AppStore|Any CPU.Deploy.0 = Release|Any CPU
		{BF94C693-0ED8-4B1A-8073-E23380E5C678}.AppStore|ARM.ActiveCfg = Release|Any CPU
		{BF94C693-0ED8-4B1A-8073-E23380E5C678}.AppStore|ARM.Build.0 = Release|Any CPU
		{BF94C693-0ED8-4B1A-8073-E23380E5C678}.AppStore|ARM.Deploy.0 = Release|Any CPU
		{BF94C693-0ED8-4B1A-8073-E23380E5C678}.AppStore|iPhone.ActiveCfg = Release|Any CPU
		{BF94C693-0ED8-4B1A-8073-E23380E5C678}.AppStore|iPhone.Build.0 = Release|Any CPU
		{BF94C693-0ED8-4B1A-8073-E23380E5C678}.AppStore|iPhone.Deploy.0 = Release|Any CPU
		{BF94C693-0ED8-4B1A-8073-E23380E5C678}.AppStore|iPhoneSimulator.ActiveCfg = Release|Any CPU
		{BF94C693-0ED8-4B1A-8073-E23380E5C678}.AppStore|iPhoneSimulator.Build.0 = Release|Any CPU
		{BF94C693-0ED8-4B1A-8073-E23380E5C678}.AppStore|iPhoneSimulator.Deploy.0 = Release|Any CPU
		{BF94C693-0ED8-4B1A-8073-E23380E5C678}.AppStore|x64.ActiveCfg = Release|Any CPU
		{BF94C693-0ED8-4B1A-8073-E23380E5C678}.AppStore|x64.Build.0 = Release|Any CPU
		{BF94C693-0ED8-4B1A-8073-E23380E5C678}.AppStore|x64.Deploy.0 = Release|Any CPU
		{BF94C693-0ED8-4B1A-8073-E23380E5C678}.AppStore|x86.ActiveCfg = Release|Any CPU
		{BF94C693-0ED8-4B1A-8073-E23380E5C678}.AppStore|x86.Build.0 = Release|Any CPU
		{BF94C693-0ED8-4B1A-8073-E23380E5C678}.AppStore|x86.Deploy.0 = Release|Any CPU
		{BF94C693-0ED8-4B1A-8073-E23380E5C678}.Debug|Any CPU.ActiveCfg = Debug|Any CPU
		{BF94C693-0ED8-4B1A-8073-E23380E5C678}.Debug|Any CPU.Build.0 = Debug|Any CPU
		{BF94C693-0ED8-4B1A-8073-E23380E5C678}.Debug|Any CPU.Deploy.0 = Debug|Any CPU
		{BF94C693-0ED8-4B1A-8073-E23380E5C678}.Debug|ARM.ActiveCfg = Debug|Any CPU
		{BF94C693-0ED8-4B1A-8073-E23380E5C678}.Debug|ARM.Build.0 = Debug|Any CPU
		{BF94C693-0ED8-4B1A-8073-E23380E5C678}.Debug|ARM.Deploy.0 = Debug|Any CPU
		{BF94C693-0ED8-4B1A-8073-E23380E5C678}.Debug|iPhone.ActiveCfg = Debug|Any CPU
		{BF94C693-0ED8-4B1A-8073-E23380E5C678}.Debug|iPhone.Build.0 = Debug|Any CPU
		{BF94C693-0ED8-4B1A-8073-E23380E5C678}.Debug|iPhone.Deploy.0 = Debug|Any CPU
		{BF94C693-0ED8-4B1A-8073-E23380E5C678}.Debug|iPhoneSimulator.ActiveCfg = Debug|Any CPU
		{BF94C693-0ED8-4B1A-8073-E23380E5C678}.Debug|iPhoneSimulator.Build.0 = Debug|Any CPU
		{BF94C693-0ED8-4B1A-8073-E23380E5C678}.Debug|iPhoneSimulator.Deploy.0 = Debug|Any CPU
		{BF94C693-0ED8-4B1A-8073-E23380E5C678}.Debug|x64.ActiveCfg = Debug|Any CPU
		{BF94C693-0ED8-4B1A-8073-E23380E5C678}.Debug|x64.Build.0 = Debug|Any CPU
		{BF94C693-0ED8-4B1A-8073-E23380E5C678}.Debug|x64.Deploy.0 = Debug|Any CPU
		{BF94C693-0ED8-4B1A-8073-E23380E5C678}.Debug|x86.ActiveCfg = Debug|Any CPU
		{BF94C693-0ED8-4B1A-8073-E23380E5C678}.Debug|x86.Build.0 = Debug|Any CPU
		{BF94C693-0ED8-4B1A-8073-E23380E5C678}.Debug|x86.Deploy.0 = Debug|Any CPU
		{BF94C693-0ED8-4B1A-8073-E23380E5C678}.Release|Any CPU.ActiveCfg = Release|Any CPU
		{BF94C693-0ED8-4B1A-8073-E23380E5C678}.Release|Any CPU.Build.0 = Release|Any CPU
		{BF94C693-0ED8-4B1A-8073-E23380E5C678}.Release|Any CPU.Deploy.0 = Release|Any CPU
		{BF94C693-0ED8-4B1A-8073-E23380E5C678}.Release|ARM.ActiveCfg = Release|Any CPU
		{BF94C693-0ED8-4B1A-8073-E23380E5C678}.Release|ARM.Build.0 = Release|Any CPU
		{BF94C693-0ED8-4B1A-8073-E23380E5C678}.Release|ARM.Deploy.0 = Release|Any CPU
		{BF94C693-0ED8-4B1A-8073-E23380E5C678}.Release|iPhone.ActiveCfg = Release|Any CPU
		{BF94C693-0ED8-4B1A-8073-E23380E5C678}.Release|iPhone.Build.0 = Release|Any CPU
		{BF94C693-0ED8-4B1A-8073-E23380E5C678}.Release|iPhone.Deploy.0 = Release|Any CPU
		{BF94C693-0ED8-4B1A-8073-E23380E5C678}.Release|iPhoneSimulator.ActiveCfg = Release|Any CPU
		{BF94C693-0ED8-4B1A-8073-E23380E5C678}.Release|iPhoneSimulator.Build.0 = Release|Any CPU
		{BF94C693-0ED8-4B1A-8073-E23380E5C678}.Release|iPhoneSimulator.Deploy.0 = Release|Any CPU
		{BF94C693-0ED8-4B1A-8073-E23380E5C678}.Release|x64.ActiveCfg = Release|Any CPU
		{BF94C693-0ED8-4B1A-8073-E23380E5C678}.Release|x64.Build.0 = Release|Any CPU
		{BF94C693-0ED8-4B1A-8073-E23380E5C678}.Release|x64.Deploy.0 = Release|Any CPU
		{BF94C693-0ED8-4B1A-8073-E23380E5C678}.Release|x86.ActiveCfg = Release|Any CPU
		{BF94C693-0ED8-4B1A-8073-E23380E5C678}.Release|x86.Build.0 = Release|Any CPU
		{BF94C693-0ED8-4B1A-8073-E23380E5C678}.Release|x86.Deploy.0 = Release|Any CPU
		{FF448E92-8D9F-4AE7-BCA9-8ADE8588CCD7}.Ad-Hoc|Any CPU.ActiveCfg = Release|Any CPU
		{FF448E92-8D9F-4AE7-BCA9-8ADE8588CCD7}.Ad-Hoc|Any CPU.Build.0 = Release|Any CPU
		{FF448E92-8D9F-4AE7-BCA9-8ADE8588CCD7}.Ad-Hoc|ARM.ActiveCfg = Release|Any CPU
		{FF448E92-8D9F-4AE7-BCA9-8ADE8588CCD7}.Ad-Hoc|ARM.Build.0 = Release|Any CPU
		{FF448E92-8D9F-4AE7-BCA9-8ADE8588CCD7}.Ad-Hoc|iPhone.ActiveCfg = Release|Any CPU
		{FF448E92-8D9F-4AE7-BCA9-8ADE8588CCD7}.Ad-Hoc|iPhone.Build.0 = Release|Any CPU
		{FF448E92-8D9F-4AE7-BCA9-8ADE8588CCD7}.Ad-Hoc|iPhoneSimulator.ActiveCfg = Release|Any CPU
		{FF448E92-8D9F-4AE7-BCA9-8ADE8588CCD7}.Ad-Hoc|iPhoneSimulator.Build.0 = Release|Any CPU
		{FF448E92-8D9F-4AE7-BCA9-8ADE8588CCD7}.Ad-Hoc|x64.ActiveCfg = Release|Any CPU
		{FF448E92-8D9F-4AE7-BCA9-8ADE8588CCD7}.Ad-Hoc|x64.Build.0 = Release|Any CPU
		{FF448E92-8D9F-4AE7-BCA9-8ADE8588CCD7}.Ad-Hoc|x86.ActiveCfg = Release|Any CPU
		{FF448E92-8D9F-4AE7-BCA9-8ADE8588CCD7}.Ad-Hoc|x86.Build.0 = Release|Any CPU
		{FF448E92-8D9F-4AE7-BCA9-8ADE8588CCD7}.AppStore|Any CPU.ActiveCfg = Release|Any CPU
		{FF448E92-8D9F-4AE7-BCA9-8ADE8588CCD7}.AppStore|Any CPU.Build.0 = Release|Any CPU
		{FF448E92-8D9F-4AE7-BCA9-8ADE8588CCD7}.AppStore|ARM.ActiveCfg = Release|Any CPU
		{FF448E92-8D9F-4AE7-BCA9-8ADE8588CCD7}.AppStore|ARM.Build.0 = Release|Any CPU
		{FF448E92-8D9F-4AE7-BCA9-8ADE8588CCD7}.AppStore|iPhone.ActiveCfg = Release|Any CPU
		{FF448E92-8D9F-4AE7-BCA9-8ADE8588CCD7}.AppStore|iPhone.Build.0 = Release|Any CPU
		{FF448E92-8D9F-4AE7-BCA9-8ADE8588CCD7}.AppStore|iPhoneSimulator.ActiveCfg = Release|Any CPU
		{FF448E92-8D9F-4AE7-BCA9-8ADE8588CCD7}.AppStore|iPhoneSimulator.Build.0 = Release|Any CPU
		{FF448E92-8D9F-4AE7-BCA9-8ADE8588CCD7}.AppStore|x64.ActiveCfg = Release|Any CPU
		{FF448E92-8D9F-4AE7-BCA9-8ADE8588CCD7}.AppStore|x64.Build.0 = Release|Any CPU
		{FF448E92-8D9F-4AE7-BCA9-8ADE8588CCD7}.AppStore|x86.ActiveCfg = Release|Any CPU
		{FF448E92-8D9F-4AE7-BCA9-8ADE8588CCD7}.AppStore|x86.Build.0 = Release|Any CPU
		{FF448E92-8D9F-4AE7-BCA9-8ADE8588CCD7}.Debug|Any CPU.ActiveCfg = Debug|Any CPU
		{FF448E92-8D9F-4AE7-BCA9-8ADE8588CCD7}.Debug|Any CPU.Build.0 = Debug|Any CPU
		{FF448E92-8D9F-4AE7-BCA9-8ADE8588CCD7}.Debug|ARM.ActiveCfg = Debug|Any CPU
		{FF448E92-8D9F-4AE7-BCA9-8ADE8588CCD7}.Debug|ARM.Build.0 = Debug|Any CPU
		{FF448E92-8D9F-4AE7-BCA9-8ADE8588CCD7}.Debug|iPhone.ActiveCfg = Debug|Any CPU
		{FF448E92-8D9F-4AE7-BCA9-8ADE8588CCD7}.Debug|iPhone.Build.0 = Debug|Any CPU
		{FF448E92-8D9F-4AE7-BCA9-8ADE8588CCD7}.Debug|iPhoneSimulator.ActiveCfg = Debug|Any CPU
		{FF448E92-8D9F-4AE7-BCA9-8ADE8588CCD7}.Debug|iPhoneSimulator.Build.0 = Debug|Any CPU
		{FF448E92-8D9F-4AE7-BCA9-8ADE8588CCD7}.Debug|x64.ActiveCfg = Debug|Any CPU
		{FF448E92-8D9F-4AE7-BCA9-8ADE8588CCD7}.Debug|x64.Build.0 = Debug|Any CPU
		{FF448E92-8D9F-4AE7-BCA9-8ADE8588CCD7}.Debug|x86.ActiveCfg = Debug|Any CPU
		{FF448E92-8D9F-4AE7-BCA9-8ADE8588CCD7}.Debug|x86.Build.0 = Debug|Any CPU
		{FF448E92-8D9F-4AE7-BCA9-8ADE8588CCD7}.Release|Any CPU.ActiveCfg = Release|Any CPU
		{FF448E92-8D9F-4AE7-BCA9-8ADE8588CCD7}.Release|Any CPU.Build.0 = Release|Any CPU
		{FF448E92-8D9F-4AE7-BCA9-8ADE8588CCD7}.Release|ARM.ActiveCfg = Release|Any CPU
		{FF448E92-8D9F-4AE7-BCA9-8ADE8588CCD7}.Release|ARM.Build.0 = Release|Any CPU
		{FF448E92-8D9F-4AE7-BCA9-8ADE8588CCD7}.Release|iPhone.ActiveCfg = Release|Any CPU
		{FF448E92-8D9F-4AE7-BCA9-8ADE8588CCD7}.Release|iPhone.Build.0 = Release|Any CPU
		{FF448E92-8D9F-4AE7-BCA9-8ADE8588CCD7}.Release|iPhoneSimulator.ActiveCfg = Release|Any CPU
		{FF448E92-8D9F-4AE7-BCA9-8ADE8588CCD7}.Release|iPhoneSimulator.Build.0 = Release|Any CPU
		{FF448E92-8D9F-4AE7-BCA9-8ADE8588CCD7}.Release|x64.ActiveCfg = Release|Any CPU
		{FF448E92-8D9F-4AE7-BCA9-8ADE8588CCD7}.Release|x64.Build.0 = Release|Any CPU
		{FF448E92-8D9F-4AE7-BCA9-8ADE8588CCD7}.Release|x86.ActiveCfg = Release|Any CPU
		{FF448E92-8D9F-4AE7-BCA9-8ADE8588CCD7}.Release|x86.Build.0 = Release|Any CPU
		{4EB1D44E-D802-49E9-928A-22D269FF7067}.Ad-Hoc|Any CPU.ActiveCfg = Ad-Hoc|iPhone
		{4EB1D44E-D802-49E9-928A-22D269FF7067}.Ad-Hoc|ARM.ActiveCfg = Ad-Hoc|iPhone
		{4EB1D44E-D802-49E9-928A-22D269FF7067}.Ad-Hoc|iPhone.ActiveCfg = Ad-Hoc|iPhone
		{4EB1D44E-D802-49E9-928A-22D269FF7067}.Ad-Hoc|iPhone.Build.0 = Ad-Hoc|iPhone
		{4EB1D44E-D802-49E9-928A-22D269FF7067}.Ad-Hoc|iPhoneSimulator.ActiveCfg = Ad-Hoc|iPhoneSimulator
		{4EB1D44E-D802-49E9-928A-22D269FF7067}.Ad-Hoc|iPhoneSimulator.Build.0 = Ad-Hoc|iPhoneSimulator
		{4EB1D44E-D802-49E9-928A-22D269FF7067}.Ad-Hoc|x64.ActiveCfg = Ad-Hoc|iPhone
		{4EB1D44E-D802-49E9-928A-22D269FF7067}.Ad-Hoc|x86.ActiveCfg = Ad-Hoc|iPhone
		{4EB1D44E-D802-49E9-928A-22D269FF7067}.AppStore|Any CPU.ActiveCfg = AppStore|iPhone
		{4EB1D44E-D802-49E9-928A-22D269FF7067}.AppStore|ARM.ActiveCfg = AppStore|iPhone
		{4EB1D44E-D802-49E9-928A-22D269FF7067}.AppStore|iPhone.ActiveCfg = AppStore|iPhone
		{4EB1D44E-D802-49E9-928A-22D269FF7067}.AppStore|iPhone.Build.0 = AppStore|iPhone
		{4EB1D44E-D802-49E9-928A-22D269FF7067}.AppStore|iPhoneSimulator.ActiveCfg = AppStore|iPhoneSimulator
		{4EB1D44E-D802-49E9-928A-22D269FF7067}.AppStore|iPhoneSimulator.Build.0 = AppStore|iPhoneSimulator
		{4EB1D44E-D802-49E9-928A-22D269FF7067}.AppStore|x64.ActiveCfg = AppStore|iPhone
		{4EB1D44E-D802-49E9-928A-22D269FF7067}.AppStore|x86.ActiveCfg = AppStore|iPhone
		{4EB1D44E-D802-49E9-928A-22D269FF7067}.Debug|Any CPU.ActiveCfg = Debug|iPhone
		{4EB1D44E-D802-49E9-928A-22D269FF7067}.Debug|ARM.ActiveCfg = Debug|iPhone
		{4EB1D44E-D802-49E9-928A-22D269FF7067}.Debug|iPhone.ActiveCfg = Debug|iPhone
		{4EB1D44E-D802-49E9-928A-22D269FF7067}.Debug|iPhone.Build.0 = Debug|iPhone
		{4EB1D44E-D802-49E9-928A-22D269FF7067}.Debug|iPhoneSimulator.ActiveCfg = Debug|iPhoneSimulator
		{4EB1D44E-D802-49E9-928A-22D269FF7067}.Debug|iPhoneSimulator.Build.0 = Debug|iPhoneSimulator
		{4EB1D44E-D802-49E9-928A-22D269FF7067}.Debug|x64.ActiveCfg = Debug|iPhone
		{4EB1D44E-D802-49E9-928A-22D269FF7067}.Debug|x86.ActiveCfg = Debug|iPhone
		{4EB1D44E-D802-49E9-928A-22D269FF7067}.Release|Any CPU.ActiveCfg = Release|iPhone
		{4EB1D44E-D802-49E9-928A-22D269FF7067}.Release|ARM.ActiveCfg = Release|iPhone
		{4EB1D44E-D802-49E9-928A-22D269FF7067}.Release|iPhone.ActiveCfg = Release|iPhone
		{4EB1D44E-D802-49E9-928A-22D269FF7067}.Release|iPhone.Build.0 = Release|iPhone
		{4EB1D44E-D802-49E9-928A-22D269FF7067}.Release|iPhoneSimulator.ActiveCfg = Release|iPhoneSimulator
		{4EB1D44E-D802-49E9-928A-22D269FF7067}.Release|iPhoneSimulator.Build.0 = Release|iPhoneSimulator
		{4EB1D44E-D802-49E9-928A-22D269FF7067}.Release|x64.ActiveCfg = Release|iPhone
		{4EB1D44E-D802-49E9-928A-22D269FF7067}.Release|x86.ActiveCfg = Release|iPhone
		{75A82433-500F-4A3E-B344-AD39D1CC556C}.Ad-Hoc|Any CPU.ActiveCfg = Release|Any CPU
		{75A82433-500F-4A3E-B344-AD39D1CC556C}.Ad-Hoc|Any CPU.Build.0 = Release|Any CPU
		{75A82433-500F-4A3E-B344-AD39D1CC556C}.Ad-Hoc|ARM.ActiveCfg = Release|Any CPU
		{75A82433-500F-4A3E-B344-AD39D1CC556C}.Ad-Hoc|ARM.Build.0 = Release|Any CPU
		{75A82433-500F-4A3E-B344-AD39D1CC556C}.Ad-Hoc|iPhone.ActiveCfg = Release|Any CPU
		{75A82433-500F-4A3E-B344-AD39D1CC556C}.Ad-Hoc|iPhone.Build.0 = Release|Any CPU
		{75A82433-500F-4A3E-B344-AD39D1CC556C}.Ad-Hoc|iPhoneSimulator.ActiveCfg = Release|Any CPU
		{75A82433-500F-4A3E-B344-AD39D1CC556C}.Ad-Hoc|iPhoneSimulator.Build.0 = Release|Any CPU
		{75A82433-500F-4A3E-B344-AD39D1CC556C}.Ad-Hoc|x64.ActiveCfg = Release|Any CPU
		{75A82433-500F-4A3E-B344-AD39D1CC556C}.Ad-Hoc|x64.Build.0 = Release|Any CPU
		{75A82433-500F-4A3E-B344-AD39D1CC556C}.Ad-Hoc|x86.ActiveCfg = Release|Any CPU
		{75A82433-500F-4A3E-B344-AD39D1CC556C}.Ad-Hoc|x86.Build.0 = Release|Any CPU
		{75A82433-500F-4A3E-B344-AD39D1CC556C}.AppStore|Any CPU.ActiveCfg = Release|Any CPU
		{75A82433-500F-4A3E-B344-AD39D1CC556C}.AppStore|Any CPU.Build.0 = Release|Any CPU
		{75A82433-500F-4A3E-B344-AD39D1CC556C}.AppStore|ARM.ActiveCfg = Release|Any CPU
		{75A82433-500F-4A3E-B344-AD39D1CC556C}.AppStore|ARM.Build.0 = Release|Any CPU
		{75A82433-500F-4A3E-B344-AD39D1CC556C}.AppStore|iPhone.ActiveCfg = Release|Any CPU
		{75A82433-500F-4A3E-B344-AD39D1CC556C}.AppStore|iPhone.Build.0 = Release|Any CPU
		{75A82433-500F-4A3E-B344-AD39D1CC556C}.AppStore|iPhoneSimulator.ActiveCfg = Release|Any CPU
		{75A82433-500F-4A3E-B344-AD39D1CC556C}.AppStore|iPhoneSimulator.Build.0 = Release|Any CPU
		{75A82433-500F-4A3E-B344-AD39D1CC556C}.AppStore|x64.ActiveCfg = Release|Any CPU
		{75A82433-500F-4A3E-B344-AD39D1CC556C}.AppStore|x64.Build.0 = Release|Any CPU
		{75A82433-500F-4A3E-B344-AD39D1CC556C}.AppStore|x86.ActiveCfg = Release|Any CPU
		{75A82433-500F-4A3E-B344-AD39D1CC556C}.AppStore|x86.Build.0 = Release|Any CPU
		{75A82433-500F-4A3E-B344-AD39D1CC556C}.Debug|Any CPU.ActiveCfg = Debug|Any CPU
		{75A82433-500F-4A3E-B344-AD39D1CC556C}.Debug|Any CPU.Build.0 = Debug|Any CPU
		{75A82433-500F-4A3E-B344-AD39D1CC556C}.Debug|ARM.ActiveCfg = Debug|Any CPU
		{75A82433-500F-4A3E-B344-AD39D1CC556C}.Debug|ARM.Build.0 = Debug|Any CPU
		{75A82433-500F-4A3E-B344-AD39D1CC556C}.Debug|iPhone.ActiveCfg = Debug|Any CPU
		{75A82433-500F-4A3E-B344-AD39D1CC556C}.Debug|iPhone.Build.0 = Debug|Any CPU
		{75A82433-500F-4A3E-B344-AD39D1CC556C}.Debug|iPhoneSimulator.ActiveCfg = Debug|Any CPU
		{75A82433-500F-4A3E-B344-AD39D1CC556C}.Debug|iPhoneSimulator.Build.0 = Debug|Any CPU
		{75A82433-500F-4A3E-B344-AD39D1CC556C}.Debug|x64.ActiveCfg = Debug|Any CPU
		{75A82433-500F-4A3E-B344-AD39D1CC556C}.Debug|x64.Build.0 = Debug|Any CPU
		{75A82433-500F-4A3E-B344-AD39D1CC556C}.Debug|x86.ActiveCfg = Debug|Any CPU
		{75A82433-500F-4A3E-B344-AD39D1CC556C}.Debug|x86.Build.0 = Debug|Any CPU
		{75A82433-500F-4A3E-B344-AD39D1CC556C}.Release|Any CPU.ActiveCfg = Release|Any CPU
		{75A82433-500F-4A3E-B344-AD39D1CC556C}.Release|Any CPU.Build.0 = Release|Any CPU
		{75A82433-500F-4A3E-B344-AD39D1CC556C}.Release|ARM.ActiveCfg = Release|Any CPU
		{75A82433-500F-4A3E-B344-AD39D1CC556C}.Release|ARM.Build.0 = Release|Any CPU
		{75A82433-500F-4A3E-B344-AD39D1CC556C}.Release|iPhone.ActiveCfg = Release|Any CPU
		{75A82433-500F-4A3E-B344-AD39D1CC556C}.Release|iPhone.Build.0 = Release|Any CPU
		{75A82433-500F-4A3E-B344-AD39D1CC556C}.Release|iPhoneSimulator.ActiveCfg = Release|Any CPU
		{75A82433-500F-4A3E-B344-AD39D1CC556C}.Release|iPhoneSimulator.Build.0 = Release|Any CPU
		{75A82433-500F-4A3E-B344-AD39D1CC556C}.Release|x64.ActiveCfg = Release|Any CPU
		{75A82433-500F-4A3E-B344-AD39D1CC556C}.Release|x64.Build.0 = Release|Any CPU
		{75A82433-500F-4A3E-B344-AD39D1CC556C}.Release|x86.ActiveCfg = Release|Any CPU
		{75A82433-500F-4A3E-B344-AD39D1CC556C}.Release|x86.Build.0 = Release|Any CPU
		{DE0A4100-2B5B-46DE-8277-5E78C1BBC8F7}.Ad-Hoc|Any CPU.ActiveCfg = Release|Any CPU
		{DE0A4100-2B5B-46DE-8277-5E78C1BBC8F7}.Ad-Hoc|Any CPU.Build.0 = Release|Any CPU
		{DE0A4100-2B5B-46DE-8277-5E78C1BBC8F7}.Ad-Hoc|ARM.ActiveCfg = Release|Any CPU
		{DE0A4100-2B5B-46DE-8277-5E78C1BBC8F7}.Ad-Hoc|ARM.Build.0 = Release|Any CPU
		{DE0A4100-2B5B-46DE-8277-5E78C1BBC8F7}.Ad-Hoc|iPhone.ActiveCfg = Release|Any CPU
		{DE0A4100-2B5B-46DE-8277-5E78C1BBC8F7}.Ad-Hoc|iPhone.Build.0 = Release|Any CPU
		{DE0A4100-2B5B-46DE-8277-5E78C1BBC8F7}.Ad-Hoc|iPhoneSimulator.ActiveCfg = Release|Any CPU
		{DE0A4100-2B5B-46DE-8277-5E78C1BBC8F7}.Ad-Hoc|iPhoneSimulator.Build.0 = Release|Any CPU
		{DE0A4100-2B5B-46DE-8277-5E78C1BBC8F7}.Ad-Hoc|x64.ActiveCfg = Release|Any CPU
		{DE0A4100-2B5B-46DE-8277-5E78C1BBC8F7}.Ad-Hoc|x64.Build.0 = Release|Any CPU
		{DE0A4100-2B5B-46DE-8277-5E78C1BBC8F7}.Ad-Hoc|x86.ActiveCfg = Release|Any CPU
		{DE0A4100-2B5B-46DE-8277-5E78C1BBC8F7}.Ad-Hoc|x86.Build.0 = Release|Any CPU
		{DE0A4100-2B5B-46DE-8277-5E78C1BBC8F7}.AppStore|Any CPU.ActiveCfg = Release|Any CPU
		{DE0A4100-2B5B-46DE-8277-5E78C1BBC8F7}.AppStore|Any CPU.Build.0 = Release|Any CPU
		{DE0A4100-2B5B-46DE-8277-5E78C1BBC8F7}.AppStore|ARM.ActiveCfg = Release|Any CPU
		{DE0A4100-2B5B-46DE-8277-5E78C1BBC8F7}.AppStore|ARM.Build.0 = Release|Any CPU
		{DE0A4100-2B5B-46DE-8277-5E78C1BBC8F7}.AppStore|iPhone.ActiveCfg = Release|Any CPU
		{DE0A4100-2B5B-46DE-8277-5E78C1BBC8F7}.AppStore|iPhone.Build.0 = Release|Any CPU
		{DE0A4100-2B5B-46DE-8277-5E78C1BBC8F7}.AppStore|iPhoneSimulator.ActiveCfg = Release|Any CPU
		{DE0A4100-2B5B-46DE-8277-5E78C1BBC8F7}.AppStore|iPhoneSimulator.Build.0 = Release|Any CPU
		{DE0A4100-2B5B-46DE-8277-5E78C1BBC8F7}.AppStore|x64.ActiveCfg = Release|Any CPU
		{DE0A4100-2B5B-46DE-8277-5E78C1BBC8F7}.AppStore|x64.Build.0 = Release|Any CPU
		{DE0A4100-2B5B-46DE-8277-5E78C1BBC8F7}.AppStore|x86.ActiveCfg = Release|Any CPU
		{DE0A4100-2B5B-46DE-8277-5E78C1BBC8F7}.AppStore|x86.Build.0 = Release|Any CPU
		{DE0A4100-2B5B-46DE-8277-5E78C1BBC8F7}.Debug|Any CPU.ActiveCfg = Debug|Any CPU
		{DE0A4100-2B5B-46DE-8277-5E78C1BBC8F7}.Debug|Any CPU.Build.0 = Debug|Any CPU
		{DE0A4100-2B5B-46DE-8277-5E78C1BBC8F7}.Debug|ARM.ActiveCfg = Debug|Any CPU
		{DE0A4100-2B5B-46DE-8277-5E78C1BBC8F7}.Debug|ARM.Build.0 = Debug|Any CPU
		{DE0A4100-2B5B-46DE-8277-5E78C1BBC8F7}.Debug|iPhone.ActiveCfg = Debug|Any CPU
		{DE0A4100-2B5B-46DE-8277-5E78C1BBC8F7}.Debug|iPhone.Build.0 = Debug|Any CPU
		{DE0A4100-2B5B-46DE-8277-5E78C1BBC8F7}.Debug|iPhoneSimulator.ActiveCfg = Debug|Any CPU
		{DE0A4100-2B5B-46DE-8277-5E78C1BBC8F7}.Debug|iPhoneSimulator.Build.0 = Debug|Any CPU
		{DE0A4100-2B5B-46DE-8277-5E78C1BBC8F7}.Debug|x64.ActiveCfg = Debug|Any CPU
		{DE0A4100-2B5B-46DE-8277-5E78C1BBC8F7}.Debug|x64.Build.0 = Debug|Any CPU
		{DE0A4100-2B5B-46DE-8277-5E78C1BBC8F7}.Debug|x86.ActiveCfg = Debug|Any CPU
		{DE0A4100-2B5B-46DE-8277-5E78C1BBC8F7}.Debug|x86.Build.0 = Debug|Any CPU
		{DE0A4100-2B5B-46DE-8277-5E78C1BBC8F7}.Release|Any CPU.ActiveCfg = Release|Any CPU
		{DE0A4100-2B5B-46DE-8277-5E78C1BBC8F7}.Release|Any CPU.Build.0 = Release|Any CPU
		{DE0A4100-2B5B-46DE-8277-5E78C1BBC8F7}.Release|ARM.ActiveCfg = Release|Any CPU
		{DE0A4100-2B5B-46DE-8277-5E78C1BBC8F7}.Release|ARM.Build.0 = Release|Any CPU
		{DE0A4100-2B5B-46DE-8277-5E78C1BBC8F7}.Release|iPhone.ActiveCfg = Release|Any CPU
		{DE0A4100-2B5B-46DE-8277-5E78C1BBC8F7}.Release|iPhone.Build.0 = Release|Any CPU
		{DE0A4100-2B5B-46DE-8277-5E78C1BBC8F7}.Release|iPhoneSimulator.ActiveCfg = Release|Any CPU
		{DE0A4100-2B5B-46DE-8277-5E78C1BBC8F7}.Release|iPhoneSimulator.Build.0 = Release|Any CPU
		{DE0A4100-2B5B-46DE-8277-5E78C1BBC8F7}.Release|x64.ActiveCfg = Release|Any CPU
		{DE0A4100-2B5B-46DE-8277-5E78C1BBC8F7}.Release|x64.Build.0 = Release|Any CPU
		{DE0A4100-2B5B-46DE-8277-5E78C1BBC8F7}.Release|x86.ActiveCfg = Release|Any CPU
		{DE0A4100-2B5B-46DE-8277-5E78C1BBC8F7}.Release|x86.Build.0 = Release|Any CPU
	EndGlobalSection
	GlobalSection(SolutionProperties) = preSolution
		HideSolutionNode = FALSE
	EndGlobalSection
	GlobalSection(NestedProjects) = preSolution
		{6C396F76-2DE2-4676-AD15-98E7E78F9F66} = {C31974FE-E126-4291-BACF-CD5A6B7E459F}
		{BF94C693-0ED8-4B1A-8073-E23380E5C678} = {6D185DB1-D90A-4C0F-902B-3CF77095DB1C}
		{FF448E92-8D9F-4AE7-BCA9-8ADE8588CCD7} = {6D185DB1-D90A-4C0F-902B-3CF77095DB1C}
		{4EB1D44E-D802-49E9-928A-22D269FF7067} = {6D185DB1-D90A-4C0F-902B-3CF77095DB1C}
		{75A82433-500F-4A3E-B344-AD39D1CC556C} = {C31974FE-E126-4291-BACF-CD5A6B7E459F}
		{DE0A4100-2B5B-46DE-8277-5E78C1BBC8F7} = {C31974FE-E126-4291-BACF-CD5A6B7E459F}
	EndGlobalSection
EndGlobal
